schema: '2.0'
stages:
  prepare:
    cmd: python src/prepare.py data/data.xml
    deps:
    - path: data/data.xml
      md5: a304afb96060aad90176268345e10355
      size: 37891850
    - path: src/prepare.py
      md5: 51549a1c87b182ebdd785704f56ffaf1
      size: 1581
    params:
      params.yaml:
        prepare.seed: 20170428
        prepare.split: 0.2
    outs:
    - path: data/prepared
      md5: 20b786b6e6f80e2b3fcf17827ad18597.dir
      size: 23861319
      nfiles: 2
  featurize:
    cmd: python src/featurization.py data/prepared data/features
    deps:
    - path: data/prepared
      md5: 20b786b6e6f80e2b3fcf17827ad18597.dir
      size: 23861319
      nfiles: 2
    - path: src/featurization.py
      md5: 61c592707fd1b33e27819c87cf93f80a
      size: 2391
    params:
      params.yaml:
        featurize.max_features: 3000
        featurize.ngrams: 1
    outs:
    - path: data/features
      md5: ccf18ad65ed773cd81d190c178c9bc80.dir
      size: 10805507
      nfiles: 2
  train:
    cmd: python src/train.py data/features model.pkl
    deps:
    - path: data/features
      md5: ccf18ad65ed773cd81d190c178c9bc80.dir
      size: 10805507
      nfiles: 2
    - path: src/train.py
      md5: 9ab95496b29b6ea3418bbf20b9fe3473
      size: 964
    params:
      params.yaml:
        train.min_split: 8
        train.n_est: 50
        train.seed: 20170428
    outs:
    - path: model.pkl
      md5: 93a28ae8fd3f225f63ec2e89ad925030
      size: 2138323
  evaluate:
    cmd: python src/evaluate.py model.pkl data/features scores.json prc.json roc.json
    deps:
    - path: data/features
      md5: ccf18ad65ed773cd81d190c178c9bc80.dir
      size: 10805507
      nfiles: 2
    - path: model.pkl
      md5: 93a28ae8fd3f225f63ec2e89ad925030
      size: 2138323
    - path: src/evaluate.py
      md5: fb7b5209c9237ea6cf63550e5fe9b817
      size: 1943
    outs:
    - path: prc.json
      md5: 2b50b676e15a9055186cdc78c418c59d
      size: 126258
    - path: roc.json
      md5: e2e39f296455b3579370d176345cd4ae
      size: 59239
    - path: scores.json
      md5: 0b36c5566509697b6e91a942e06e703d
      size: 73
